{
  "name": "ccreset",
  "version": "1.1.0",
  "lockfileVersion": 3,
  "requires": true,
  "packages": {
    "": {
      "name": "ccreset",
      "version": "1.1.0",
      "license": "MIT",
      "bin": {
        "ccreset": "dist/index.js"
      },
      "devDependencies": {
        "@types/node": "^24.0.0",
        "typescript": "^5.9.0"
      }
    },
    "node_modules/@types/node": {
      "version": "24.10.13",
      "resolved": "https://registry.npmjs.org/@types/node/-/node-24.10.13.tgz",
      "integrity": "sha512-oH72nZRfDv9lADUBSo104Aq7gPHpQZc4BTx38r9xf9pg5LfP6EzSyH2n7qFmmxRQXh7YlUXODcYsg6PuTDSxGg==",
      "dev": true,
      "license": "MIT",
      "dependencies": {
        "undici-types": "~7.16.0"
      }
    },
    "node_modules/typescript": {
      "version": "5.9.3",
      "dev": true,
      "license": "Apache-2.0",
      "bin": {
        "tsc": "bin/tsc",
        "tsserver": "bin/tsserver"
      },
      "engines": {
        "node": ">=14.17"
      }
    },
    "node_modules/undici-types": {
      "version": "7.16.0",
      "dev": true,
      "license": "MIT"
    }
  }
}
